
Microsoft Visual Studio Solution File, Format Version 12.00
# Visual Studio Version 17
VisualStudioVersion = 17.3.32929.385
MinimumVisualStudioVersion = 10.0.40219.1
Project("{FAE04EC0-301F-11D3-BF4B-00C04F79EFBC}") = "Day03Console", "Day03Console\Day03Console.csproj", "{C2F36739-4544-4139-8AA0-82457E9890C9}"
EndProject
Global
	GlobalSection(SolutionConfigurationPlatforms) = preSolution
		Debug|Any CPU = Debug|Any CPU
		Release|Any CPU = Release|Any CPU
	EndGlobalSection
	GlobalSection(ProjectConfigurationPlatforms) = postSolution
		{C2F36739-4544-4139-8AA0-82457E9890C9}.Debug|Any CPU.ActiveCfg = Debug|Any CPU
		{C2F36739-4544-4139-8AA0-82457E9890C9}.Debug|Any CPU.Build.0 = Debug|Any CPU
		{C2F36739-4544-4139-8AA0-82457E9890C9}.Release|Any CPU.ActiveCfg = Release|Any CPU
		{C2F36739-4544-4139-8AA0-82457E9890C9}.Release|Any CPU.Build.0 = Release|Any CPU
	EndGlobalSection
	GlobalSection(SolutionProperties) = preSolution
		HideSolutionNode = FALSE
	EndGlobalSection
	GlobalSection(ExtensibilityGlobals) = postSolution
		SolutionGuid = {E59FF755-FC24-45DC-A34E-57690DB59280}
	EndGlobalSection
EndGlobal
